
Microsoft Visual Studio Solution File, Format Version 12.00
# Visual Studio Version 17
VisualStudioVersion = 17.13.35806.99 d17.13
MinimumVisualStudioVersion = 10.0.40219.1
Project("{FAE04EC0-301F-11D3-BF4B-00C04F79EFBC}") = "MiniFootballHeads", "MiniFootballHeads.csproj", "{E911215F-65F5-450D-AD11-BC9F8D71EA64}"
EndProject
Global
	GlobalSection(SolutionConfigurationPlatforms) = preSolution
		Debug|Any CPU = Debug|Any CPU
		Release|Any CPU = Release|Any CPU
	EndGlobalSection
	GlobalSection(ProjectConfigurationPlatforms) = postSolution
		{E911215F-65F5-450D-AD11-BC9F8D71EA64}.Debug|Any CPU.ActiveCfg = Debug|Any CPU
		{E911215F-65F5-450D-AD11-BC9F8D71EA64}.Debug|Any CPU.Build.0 = Debug|Any CPU
		{E911215F-65F5-450D-AD11-BC9F8D71EA64}.Release|Any CPU.ActiveCfg = Release|Any CPU
		{E911215F-65F5-450D-AD11-BC9F8D71EA64}.Release|Any CPU.Build.0 = Release|Any CPU
	EndGlobalSection
	GlobalSection(SolutionProperties) = preSolution
		HideSolutionNode = FALSE
	EndGlobalSection
	GlobalSection(ExtensibilityGlobals) = postSolution
		SolutionGuid = {1D529436-D887-40AB-8D2D-0C146078643F}
	EndGlobalSection
EndGlobal
